// !$*UTF8*$!
{
	archiveVersion = 1;
	classes = {
	};
	objectVersion = 48;
	objects = {

/* Begin PBXBuildFile section */
		CE0DE1B0207F77AD0031F233 /* AppDelegate.swift in Sources */ = {isa = PBXBuildFile; fileRef = CE0DE1AF207F77AD0031F233 /* AppDelegate.swift */; };
		CE0DE1B5207F77AD0031F233 /* Main.storyboard in Resources */ = {isa = PBXBuildFile; fileRef = CE0DE1B3207F77AD0031F233 /* Main.storyboard */; };
		CE0DE1B7207F77AD0031F233 /* Assets.xcassets in Resources */ = {isa = PBXBuildFile; fileRef = CE0DE1B6207F77AD0031F233 /* Assets.xcassets */; };
		CE0DE1BA207F77AD0031F233 /* LaunchScreen.storyboard in Resources */ = {isa = PBXBuildFile; fileRef = CE0DE1B8207F77AD0031F233 /* LaunchScreen.storyboard */; };
		CE0E2CAC208E4E1900579AAC /* UIWebNavigationViewController.swift in Sources */ = {isa = PBXBuildFile; fileRef = CE0E2CAB208E4E1900579AAC /* UIWebNavigationViewController.swift */; };
		CE0E2CAE208E4E8800579AAC /* WKWebNavigationViewController.swift in Sources */ = {isa = PBXBuildFile; fileRef = CE0E2CAD208E4E8800579AAC /* WKWebNavigationViewController.swift */; };
		CE19CA0E2091B5AC00AAC17C /* VisualizationViewController.swift in Sources */ = {isa = PBXBuildFile; fileRef = CE19CA0D2091B5AC00AAC17C /* VisualizationViewController.swift */; };
		CE19CA102091B63400AAC17C /* SimulateTableViewController.swift in Sources */ = {isa = PBXBuildFile; fileRef = CE19CA0F2091B63400AAC17C /* SimulateTableViewController.swift */; };
		CE19CA172091D58A00AAC17C /* ATDControlProtocol.swift in Sources */ = {isa = PBXBuildFile; fileRef = CE19CA162091D58A00AAC17C /* ATDControlProtocol.swift */; };
		CE31124220934F440021B2C6 /* ManagerController.swift in Sources */ = {isa = PBXBuildFile; fileRef = CE31124120934F440021B2C6 /* ManagerController.swift */; };
		CE53572C2086014A003D98AF /* DataStructMemory.swift in Sources */ = {isa = PBXBuildFile; fileRef = CE53572B2086014A003D98AF /* DataStructMemory.swift */; };
		CE65A6F42080B702003FB1E7 /* DataStructMemorySorce.swift in Sources */ = {isa = PBXBuildFile; fileRef = CE65A6F32080B702003FB1E7 /* DataStructMemorySorce.swift */; };
		CE65A6F62080B788003FB1E7 /* DataStructMemoryList.swift in Sources */ = {isa = PBXBuildFile; fileRef = CE65A6F52080B788003FB1E7 /* DataStructMemoryList.swift */; };
		CE674F652084C9B800E18E5E /* ConfigurableCell.swift in Sources */ = {isa = PBXBuildFile; fileRef = CE674F642084C9B800E18E5E /* ConfigurableCell.swift */; };
		CE674F6B2084CE1000E18E5E /* DetailViewController.swift in Sources */ = {isa = PBXBuildFile; fileRef = CE674F6A2084CE1000E18E5E /* DetailViewController.swift */; };
		CE69BD35208D3A8D00D308CA /* UIWebViewController.swift in Sources */ = {isa = PBXBuildFile; fileRef = CE69BD34208D3A8D00D308CA /* UIWebViewController.swift */; };
		CE69BD37208D3AA900D308CA /* WKWebViewController.swift in Sources */ = {isa = PBXBuildFile; fileRef = CE69BD36208D3AA900D308CA /* WKWebViewController.swift */; };
		CE69BD39208D3AF500D308CA /* SFSafaryViewController.swift in Sources */ = {isa = PBXBuildFile; fileRef = CE69BD38208D3AF500D308CA /* SFSafaryViewController.swift */; };
		CE79123720966A0800B6F0E7 /* SimulateVisualCell.swift in Sources */ = {isa = PBXBuildFile; fileRef = CE79123620966A0800B6F0E7 /* SimulateVisualCell.swift */; };
		CE791239209674B600B6F0E7 /* SimulateCellProtocol.swift in Sources */ = {isa = PBXBuildFile; fileRef = CE791238209674B600B6F0E7 /* SimulateCellProtocol.swift */; };
		CE79123B2096863700B6F0E7 /* TypesOfButtons.swift in Sources */ = {isa = PBXBuildFile; fileRef = CE79123A2096863700B6F0E7 /* TypesOfButtons.swift */; };
		CE79123D209687E700B6F0E7 /* ATDControlFactoryProtocol.swift in Sources */ = {isa = PBXBuildFile; fileRef = CE79123C209687E700B6F0E7 /* ATDControlFactoryProtocol.swift */; };
		CE79123F209689D100B6F0E7 /* ActionButton.swift in Sources */ = {isa = PBXBuildFile; fileRef = CE79123E209689D100B6F0E7 /* ActionButton.swift */; };
		CE79124120968EDE00B6F0E7 /* AdaptationController.swift in Sources */ = {isa = PBXBuildFile; fileRef = CE79124020968EDE00B6F0E7 /* AdaptationController.swift */; };
		CE7912432096942500B6F0E7 /* ControlManagerFactory.swift in Sources */ = {isa = PBXBuildFile; fileRef = CE7912422096942500B6F0E7 /* ControlManagerFactory.swift */; };
		CE8DF64F208602AA00F14AA7 /* DataStructEntity.swift in Sources */ = {isa = PBXBuildFile; fileRef = CE8DF64E208602AA00F14AA7 /* DataStructEntity.swift */; };
		CEC9880620952E3B00984798 /* SetTypeStructure.swift in Sources */ = {isa = PBXBuildFile; fileRef = CEC9880520952E3B00984798 /* SetTypeStructure.swift */; };
		CEC9880820952E5E00984798 /* QueneTypeStructure.swift in Sources */ = {isa = PBXBuildFile; fileRef = CEC9880720952E5E00984798 /* QueneTypeStructure.swift */; };
		CEC9880A20952E8400984798 /* StackTypeStructure.swift in Sources */ = {isa = PBXBuildFile; fileRef = CEC9880920952E8400984798 /* StackTypeStructure.swift */; };
		CEC9880C20952F0C00984798 /* DequeueTypeStructure.swift in Sources */ = {isa = PBXBuildFile; fileRef = CEC9880B20952F0C00984798 /* DequeueTypeStructure.swift */; };
		CEC9880E20952F5D00984798 /* PriorityQueueTypeStructure.swift in Sources */ = {isa = PBXBuildFile; fileRef = CEC9880D20952F5D00984798 /* PriorityQueueTypeStructure.swift */; };
		CEC9881020952FAB00984798 /* List(Array)TypeStructure.swift in Sources */ = {isa = PBXBuildFile; fileRef = CEC9880F20952FAB00984798 /* List(Array)TypeStructure.swift */; };
		CEC9881220952FC500984798 /* MultiSetTypeStructure.swift in Sources */ = {isa = PBXBuildFile; fileRef = CEC9881120952FC500984798 /* MultiSetTypeStructure.swift */; };
		CEC9881420952FE100984798 /* DictionaryTypeStructure.swift in Sources */ = {isa = PBXBuildFile; fileRef = CEC9881320952FE100984798 /* DictionaryTypeStructure.swift */; };
		CEC988192095324500984798 /* AdaptationProtocol.swift in Sources */ = {isa = PBXBuildFile; fileRef = CEC988182095324500984798 /* AdaptationProtocol.swift */; };
		CECDDECB207F8EFB0072B383 /* DataStructureTableViewController.swift in Sources */ = {isa = PBXBuildFile; fileRef = CECDDECA207F8EFB0072B383 /* DataStructureTableViewController.swift */; };
		CECDDECD207FAB830072B383 /* DataStructureCell.swift in Sources */ = {isa = PBXBuildFile; fileRef = CECDDECC207FAB830072B383 /* DataStructureCell.swift */; };
		CEDAE0502097122F001DA9EB /* SimulateControllerProtocol.swift in Sources */ = {isa = PBXBuildFile; fileRef = CEDAE04F2097122F001DA9EB /* SimulateControllerProtocol.swift */; };
/* End PBXBuildFile section */

/* Begin PBXFileReference section */
		CE0DE1AC207F77AD0031F233 /* DataStructureMemories.app */ = {isa = PBXFileReference; explicitFileType = wrapper.application; includeInIndex = 0; path = DataStructureMemories.app; sourceTree = BUILT_PRODUCTS_DIR; };
		CE0DE1AF207F77AD0031F233 /* AppDelegate.swift */ = {isa = PBXFileReference; lastKnownFileType = sourcecode.swift; path = AppDelegate.swift; sourceTree = "<group>"; };
		CE0DE1B4207F77AD0031F233 /* Base */ = {isa = PBXFileReference; lastKnownFileType = file.storyboard; name = Base; path = Base.lproj/Main.storyboard; sourceTree = "<group>"; };
		CE0DE1B6207F77AD0031F233 /* Assets.xcassets */ = {isa = PBXFileReference; lastKnownFileType = folder.assetcatalog; path = Assets.xcassets; sourceTree = "<group>"; };
		CE0DE1B9207F77AD0031F233 /* Base */ = {isa = PBXFileReference; lastKnownFileType = file.storyboard; name = Base; path = Base.lproj/LaunchScreen.storyboard; sourceTree = "<group>"; };
		CE0DE1BB207F77AD0031F233 /* Info.plist */ = {isa = PBXFileReference; lastKnownFileType = text.plist.xml; path = Info.plist; sourceTree = "<group>"; };
		CE0E2CAB208E4E1900579AAC /* UIWebNavigationViewController.swift */ = {isa = PBXFileReference; lastKnownFileType = sourcecode.swift; path = UIWebNavigationViewController.swift; sourceTree = "<group>"; };
		CE0E2CAD208E4E8800579AAC /* WKWebNavigationViewController.swift */ = {isa = PBXFileReference; lastKnownFileType = sourcecode.swift; path = WKWebNavigationViewController.swift; sourceTree = "<group>"; };
		CE19CA0D2091B5AC00AAC17C /* VisualizationViewController.swift */ = {isa = PBXFileReference; lastKnownFileType = sourcecode.swift; path = VisualizationViewController.swift; sourceTree = "<group>"; };
		CE19CA0F2091B63400AAC17C /* SimulateTableViewController.swift */ = {isa = PBXFileReference; lastKnownFileType = sourcecode.swift; path = SimulateTableViewController.swift; sourceTree = "<group>"; };
		CE19CA162091D58A00AAC17C /* ATDControlProtocol.swift */ = {isa = PBXFileReference; lastKnownFileType = sourcecode.swift; path = ATDControlProtocol.swift; sourceTree = "<group>"; };
		CE31124120934F440021B2C6 /* ManagerController.swift */ = {isa = PBXFileReference; lastKnownFileType = sourcecode.swift; path = ManagerController.swift; sourceTree = "<group>"; };
		CE53572B2086014A003D98AF /* DataStructMemory.swift */ = {isa = PBXFileReference; lastKnownFileType = sourcecode.swift; path = DataStructMemory.swift; sourceTree = "<group>"; };
		CE65A6F32080B702003FB1E7 /* DataStructMemorySorce.swift */ = {isa = PBXFileReference; lastKnownFileType = sourcecode.swift; path = DataStructMemorySorce.swift; sourceTree = "<group>"; };
		CE65A6F52080B788003FB1E7 /* DataStructMemoryList.swift */ = {isa = PBXFileReference; lastKnownFileType = sourcecode.swift; path = DataStructMemoryList.swift; sourceTree = "<group>"; };
		CE674F642084C9B800E18E5E /* ConfigurableCell.swift */ = {isa = PBXFileReference; lastKnownFileType = sourcecode.swift; name = ConfigurableCell.swift; path = ../../../../../ConfigurableCell.swift; sourceTree = "<group>"; };
		CE674F6A2084CE1000E18E5E /* DetailViewController.swift */ = {isa = PBXFileReference; lastKnownFileType = sourcecode.swift; path = DetailViewController.swift; sourceTree = "<group>"; };
		CE69BD34208D3A8D00D308CA /* UIWebViewController.swift */ = {isa = PBXFileReference; lastKnownFileType = sourcecode.swift; path = UIWebViewController.swift; sourceTree = "<group>"; };
		CE69BD36208D3AA900D308CA /* WKWebViewController.swift */ = {isa = PBXFileReference; lastKnownFileType = sourcecode.swift; path = WKWebViewController.swift; sourceTree = "<group>"; };
		CE69BD38208D3AF500D308CA /* SFSafaryViewController.swift */ = {isa = PBXFileReference; lastKnownFileType = sourcecode.swift; path = SFSafaryViewController.swift; sourceTree = "<group>"; };
		CE79123620966A0800B6F0E7 /* SimulateVisualCell.swift */ = {isa = PBXFileReference; lastKnownFileType = sourcecode.swift; path = SimulateVisualCell.swift; sourceTree = "<group>"; };
		CE791238209674B600B6F0E7 /* SimulateCellProtocol.swift */ = {isa = PBXFileReference; lastKnownFileType = sourcecode.swift; path = SimulateCellProtocol.swift; sourceTree = "<group>"; };
		CE79123A2096863700B6F0E7 /* TypesOfButtons.swift */ = {isa = PBXFileReference; lastKnownFileType = sourcecode.swift; path = TypesOfButtons.swift; sourceTree = "<group>"; };
		CE79123C209687E700B6F0E7 /* ATDControlFactoryProtocol.swift */ = {isa = PBXFileReference; lastKnownFileType = sourcecode.swift; path = ATDControlFactoryProtocol.swift; sourceTree = "<group>"; };
		CE79123E209689D100B6F0E7 /* ActionButton.swift */ = {isa = PBXFileReference; lastKnownFileType = sourcecode.swift; path = ActionButton.swift; sourceTree = "<group>"; };
		CE79124020968EDE00B6F0E7 /* AdaptationController.swift */ = {isa = PBXFileReference; lastKnownFileType = sourcecode.swift; path = AdaptationController.swift; sourceTree = "<group>"; };
		CE7912422096942500B6F0E7 /* ControlManagerFactory.swift */ = {isa = PBXFileReference; lastKnownFileType = sourcecode.swift; path = ControlManagerFactory.swift; sourceTree = "<group>"; };
		CE8DF64E208602AA00F14AA7 /* DataStructEntity.swift */ = {isa = PBXFileReference; lastKnownFileType = sourcecode.swift; path = DataStructEntity.swift; sourceTree = "<group>"; };
		CEC9880520952E3B00984798 /* SetTypeStructure.swift */ = {isa = PBXFileReference; lastKnownFileType = sourcecode.swift; path = SetTypeStructure.swift; sourceTree = "<group>"; };
		CEC9880720952E5E00984798 /* QueneTypeStructure.swift */ = {isa = PBXFileReference; lastKnownFileType = sourcecode.swift; path = QueneTypeStructure.swift; sourceTree = "<group>"; };
		CEC9880920952E8400984798 /* StackTypeStructure.swift */ = {isa = PBXFileReference; lastKnownFileType = sourcecode.swift; path = StackTypeStructure.swift; sourceTree = "<group>"; };
		CEC9880B20952F0C00984798 /* DequeueTypeStructure.swift */ = {isa = PBXFileReference; lastKnownFileType = sourcecode.swift; path = DequeueTypeStructure.swift; sourceTree = "<group>"; };
		CEC9880D20952F5D00984798 /* PriorityQueueTypeStructure.swift */ = {isa = PBXFileReference; lastKnownFileType = sourcecode.swift; path = PriorityQueueTypeStructure.swift; sourceTree = "<group>"; };
		CEC9880F20952FAB00984798 /* List(Array)TypeStructure.swift */ = {isa = PBXFileReference; lastKnownFileType = sourcecode.swift; path = "List(Array)TypeStructure.swift"; sourceTree = "<group>"; };
		CEC9881120952FC500984798 /* MultiSetTypeStructure.swift */ = {isa = PBXFileReference; lastKnownFileType = sourcecode.swift; path = MultiSetTypeStructure.swift; sourceTree = "<group>"; };
		CEC9881320952FE100984798 /* DictionaryTypeStructure.swift */ = {isa = PBXFileReference; lastKnownFileType = sourcecode.swift; path = DictionaryTypeStructure.swift; sourceTree = "<group>"; };
		CEC988182095324500984798 /* AdaptationProtocol.swift */ = {isa = PBXFileReference; lastKnownFileType = sourcecode.swift; path = AdaptationProtocol.swift; sourceTree = "<group>"; };
		CECDDECA207F8EFB0072B383 /* DataStructureTableViewController.swift */ = {isa = PBXFileReference; lastKnownFileType = sourcecode.swift; path = DataStructureTableViewController.swift; sourceTree = "<group>"; };
		CECDDECC207FAB830072B383 /* DataStructureCell.swift */ = {isa = PBXFileReference; lastKnownFileType = sourcecode.swift; path = DataStructureCell.swift; sourceTree = "<group>"; };
		CEDAE04F2097122F001DA9EB /* SimulateControllerProtocol.swift */ = {isa = PBXFileReference; lastKnownFileType = sourcecode.swift; path = SimulateControllerProtocol.swift; sourceTree = "<group>"; };
/* End PBXFileReference section */

/* Begin PBXFrameworksBuildPhase section */
		CE0DE1A9207F77AD0031F233 /* Frameworks */ = {
			isa = PBXFrameworksBuildPhase;
			buildActionMask = 2147483647;
			files = (
			);
			runOnlyForDeploymentPostprocessing = 0;
		};
/* End PBXFrameworksBuildPhase section */

/* Begin PBXGroup section */
		CE0DE1A3207F77AD0031F233 = {
			isa = PBXGroup;
			children = (
				CE0DE1AE207F77AD0031F233 /* DataStructureMemories */,
				CE0DE1AD207F77AD0031F233 /* Products */,
			);
			sourceTree = "<group>";
		};
		CE0DE1AD207F77AD0031F233 /* Products */ = {
			isa = PBXGroup;
			children = (
				CE0DE1AC207F77AD0031F233 /* DataStructureMemories.app */,
			);
			name = Products;
			sourceTree = "<group>";
		};
		CE0DE1AE207F77AD0031F233 /* DataStructureMemories */ = {
			isa = PBXGroup;
			children = (
				CEC988152095311A00984798 /* ProtocolVisualization */,
				CEC988042095286700984798 /* DataTypesClasses */,
				CE19CA112091D33000AAC17C /* VisualizateControllers */,
				CE0DE1B3207F77AD0031F233 /* Main.storyboard */,
				CE65A6F92080BC7A003FB1E7 /* ProtocolDataStructure */,
				CE65A6F82080BC6C003FB1E7 /* ModelDataStructure */,
				CEA4A4B620873A8C0005CA13 /* Cells */,
				CECDDECC207FAB830072B383 /* DataStructureCell.swift */,
				CE79123620966A0800B6F0E7 /* SimulateVisualCell.swift */,
				CE65A6F22080B661003FB1E7 /* Supporting files */,
				CE0DE1BB207F77AD0031F233 /* Info.plist */,
			);
			path = DataStructureMemories;
			sourceTree = "<group>";
		};
		CE19CA112091D33000AAC17C /* VisualizateControllers */ = {
			isa = PBXGroup;
			children = (
				CE79123A2096863700B6F0E7 /* TypesOfButtons.swift */,
				CE19CA0D2091B5AC00AAC17C /* VisualizationViewController.swift */,
				CE19CA0F2091B63400AAC17C /* SimulateTableViewController.swift */,
				CE31124120934F440021B2C6 /* ManagerController.swift */,
				CE79123E209689D100B6F0E7 /* ActionButton.swift */,
				CE79124020968EDE00B6F0E7 /* AdaptationController.swift */,
				CE7912422096942500B6F0E7 /* ControlManagerFactory.swift */,
			);
			path = VisualizateControllers;
			sourceTree = "<group>";
		};
		CE65A6F22080B661003FB1E7 /* Supporting files */ = {
			isa = PBXGroup;
			children = (
				CE0DE1AF207F77AD0031F233 /* AppDelegate.swift */,
				CE0DE1B6207F77AD0031F233 /* Assets.xcassets */,
				CE0DE1B8207F77AD0031F233 /* LaunchScreen.storyboard */,
			);
			path = "Supporting files";
			sourceTree = "<group>";
		};
		CE65A6F82080BC6C003FB1E7 /* ModelDataStructure */ = {
			isa = PBXGroup;
			children = (
				CE65A6F52080B788003FB1E7 /* DataStructMemoryList.swift */,
				CE8DF64E208602AA00F14AA7 /* DataStructEntity.swift */,
			);
			path = ModelDataStructure;
			sourceTree = "<group>";
		};
		CE65A6F92080BC7A003FB1E7 /* ProtocolDataStructure */ = {
			isa = PBXGroup;
			children = (
				CE65A6F32080B702003FB1E7 /* DataStructMemorySorce.swift */,
				CE674F642084C9B800E18E5E /* ConfigurableCell.swift */,
				CE53572B2086014A003D98AF /* DataStructMemory.swift */,
			);
			path = ProtocolDataStructure;
			sourceTree = "<group>";
		};
		CEA4A4B620873A8C0005CA13 /* Cells */ = {
			isa = PBXGroup;
			children = (
				CE0E2CAB208E4E1900579AAC /* UIWebNavigationViewController.swift */,
				CECDDECA207F8EFB0072B383 /* DataStructureTableViewController.swift */,
				CE674F6A2084CE1000E18E5E /* DetailViewController.swift */,
				CE69BD34208D3A8D00D308CA /* UIWebViewController.swift */,
				CE0E2CAD208E4E8800579AAC /* WKWebNavigationViewController.swift */,
				CE69BD36208D3AA900D308CA /* WKWebViewController.swift */,
				CE69BD38208D3AF500D308CA /* SFSafaryViewController.swift */,
			);
			path = Cells;
			sourceTree = "<group>";
		};
		CEC988042095286700984798 /* DataTypesClasses */ = {
			isa = PBXGroup;
			children = (
				CEC9880520952E3B00984798 /* SetTypeStructure.swift */,
				CEC9880720952E5E00984798 /* QueneTypeStructure.swift */,
				CEC9880920952E8400984798 /* StackTypeStructure.swift */,
				CEC9880B20952F0C00984798 /* DequeueTypeStructure.swift */,
				CEC9880D20952F5D00984798 /* PriorityQueueTypeStructure.swift */,
				CEC9880F20952FAB00984798 /* List(Array)TypeStructure.swift */,
				CEC9881120952FC500984798 /* MultiSetTypeStructure.swift */,
				CEC9881320952FE100984798 /* DictionaryTypeStructure.swift */,
			);
			path = DataTypesClasses;
			sourceTree = "<group>";
		};
		CEC988152095311A00984798 /* ProtocolVisualization */ = {
			isa = PBXGroup;
			children = (
				CE19CA162091D58A00AAC17C /* ATDControlProtocol.swift */,
				CE79123C209687E700B6F0E7 /* ATDControlFactoryProtocol.swift */,
				CEC988182095324500984798 /* AdaptationProtocol.swift */,
				CE791238209674B600B6F0E7 /* SimulateCellProtocol.swift */,
				CEDAE04F2097122F001DA9EB /* SimulateControllerProtocol.swift */,
			);
			path = ProtocolVisualization;
			sourceTree = "<group>";
		};
/* End PBXGroup section */

/* Begin PBXNativeTarget section */
		CE0DE1AB207F77AD0031F233 /* DataStructureMemories */ = {
			isa = PBXNativeTarget;
			buildConfigurationList = CE0DE1BE207F77AD0031F233 /* Build configuration list for PBXNativeTarget "DataStructureMemories" */;
			buildPhases = (
				CE0DE1A8207F77AD0031F233 /* Sources */,
				CE0DE1A9207F77AD0031F233 /* Frameworks */,
				CE0DE1AA207F77AD0031F233 /* Resources */,
			);
			buildRules = (
			);
			dependencies = (
			);
			name = DataStructureMemories;
			productName = DataStructureMemories;
			productReference = CE0DE1AC207F77AD0031F233 /* DataStructureMemories.app */;
			productType = "com.apple.product-type.application";
		};
/* End PBXNativeTarget section */

/* Begin PBXProject section */
		CE0DE1A4207F77AD0031F233 /* Project object */ = {
			isa = PBXProject;
			attributes = {
				LastSwiftUpdateCheck = 0920;
				LastUpgradeCheck = 0920;
				ORGANIZATIONNAME = "Alina Zaitseva";
				TargetAttributes = {
					CE0DE1AB207F77AD0031F233 = {
						CreatedOnToolsVersion = 9.2;
						ProvisioningStyle = Automatic;
					};
				};
			};
			buildConfigurationList = CE0DE1A7207F77AD0031F233 /* Build configuration list for PBXProject "DataStructureMemories" */;
			compatibilityVersion = "Xcode 8.0";
			developmentRegion = en;
			hasScannedForEncodings = 0;
			knownRegions = (
				en,
				Base,
			);
			mainGroup = CE0DE1A3207F77AD0031F233;
			productRefGroup = CE0DE1AD207F77AD0031F233 /* Products */;
			projectDirPath = "";
			projectRoot = "";
			targets = (
				CE0DE1AB207F77AD0031F233 /* DataStructureMemories */,
			);
		};
/* End PBXProject section */

/* Begin PBXResourcesBuildPhase section */
		CE0DE1AA207F77AD0031F233 /* Resources */ = {
			isa = PBXResourcesBuildPhase;
			buildActionMask = 2147483647;
			files = (
				CE0DE1BA207F77AD0031F233 /* LaunchScreen.storyboard in Resources */,
				CE0DE1B7207F77AD0031F233 /* Assets.xcassets in Resources */,
				CE0DE1B5207F77AD0031F233 /* Main.storyboard in Resources */,
			);
			runOnlyForDeploymentPostprocessing = 0;
		};
/* End PBXResourcesBuildPhase section */

/* Begin PBXSourcesBuildPhase section */
		CE0DE1A8207F77AD0031F233 /* Sources */ = {
			isa = PBXSourcesBuildPhase;
			buildActionMask = 2147483647;
			files = (
				CEC9880A20952E8400984798 /* StackTypeStructure.swift in Sources */,
				CE65A6F62080B788003FB1E7 /* DataStructMemoryList.swift in Sources */,
				CE69BD35208D3A8D00D308CA /* UIWebViewController.swift in Sources */,
				CE19CA172091D58A00AAC17C /* ATDControlProtocol.swift in Sources */,
				CE53572C2086014A003D98AF /* DataStructMemory.swift in Sources */,
				CEC9880820952E5E00984798 /* QueneTypeStructure.swift in Sources */,
				CE79123F209689D100B6F0E7 /* ActionButton.swift in Sources */,
				CEC9880620952E3B00984798 /* SetTypeStructure.swift in Sources */,
				CE79123B2096863700B6F0E7 /* TypesOfButtons.swift in Sources */,
				CEC9881420952FE100984798 /* DictionaryTypeStructure.swift in Sources */,
				CE79123720966A0800B6F0E7 /* SimulateVisualCell.swift in Sources */,
				CE79123D209687E700B6F0E7 /* ATDControlFactoryProtocol.swift in Sources */,
				CE791239209674B600B6F0E7 /* SimulateCellProtocol.swift in Sources */,
				CEC9881220952FC500984798 /* MultiSetTypeStructure.swift in Sources */,
				CE0DE1B0207F77AD0031F233 /* AppDelegate.swift in Sources */,
				CE8DF64F208602AA00F14AA7 /* DataStructEntity.swift in Sources */,
				CE19CA102091B63400AAC17C /* SimulateTableViewController.swift in Sources */,
				CE7912432096942500B6F0E7 /* ControlManagerFactory.swift in Sources */,
				CE69BD39208D3AF500D308CA /* SFSafaryViewController.swift in Sources */,
				CE79124120968EDE00B6F0E7 /* AdaptationController.swift in Sources */,
				CEC988192095324500984798 /* AdaptationProtocol.swift in Sources */,
				CECDDECD207FAB830072B383 /* DataStructureCell.swift in Sources */,
				CE0E2CAE208E4E8800579AAC /* WKWebNavigationViewController.swift in Sources */,
				CE674F652084C9B800E18E5E /* ConfigurableCell.swift in Sources */,
				CE0E2CAC208E4E1900579AAC /* UIWebNavigationViewController.swift in Sources */,
				CEC9880C20952F0C00984798 /* DequeueTypeStructure.swift in Sources */,
				CEC9881020952FAB00984798 /* List(Array)TypeStructure.swift in Sources */,
				CE65A6F42080B702003FB1E7 /* DataStructMemorySorce.swift in Sources */,
				CECDDECB207F8EFB0072B383 /* DataStructureTableViewController.swift in Sources */,
				CE19CA0E2091B5AC00AAC17C /* VisualizationViewController.swift in Sources */,
				CE674F6B2084CE1000E18E5E /* DetailViewController.swift in Sources */,
				CEDAE0502097122F001DA9EB /* SimulateControllerProtocol.swift in Sources */,
				CE31124220934F440021B2C6 /* ManagerController.swift in Sources */,
				CEC9880E20952F5D00984798 /* PriorityQueueTypeStructure.swift in Sources */,
				CE69BD37208D3AA900D308CA /* WKWebViewController.swift in Sources */,
			);
			runOnlyForDeploymentPostprocessing = 0;
		};
/* End PBXSourcesBuildPhase section */

/* Begin PBXVariantGroup section */
		CE0DE1B3207F77AD0031F233 /* Main.storyboard */ = {
			isa = PBXVariantGroup;
			children = (
				CE0DE1B4207F77AD0031F233 /* Base */,
			);
			name = Main.storyboard;
			sourceTree = "<group>";
		};
		CE0DE1B8207F77AD0031F233 /* LaunchScreen.storyboard */ = {
			isa = PBXVariantGroup;
			children = (
				CE0DE1B9207F77AD0031F233 /* Base */,
			);
			name = LaunchScreen.storyboard;
			sourceTree = "<group>";
		};
/* End PBXVariantGroup section */

/* Begin XCBuildConfiguration section */
		CE0DE1BC207F77AD0031F233 /* Debug */ = {
			isa = XCBuildConfiguration;
			buildSettings = {
				ALWAYS_SEARCH_USER_PATHS = NO;
				CLANG_ANALYZER_NONNULL = YES;
				CLANG_ANALYZER_NUMBER_OBJECT_CONVERSION = YES_AGGRESSIVE;
				CLANG_CXX_LANGUAGE_STANDARD = "gnu++14";
				CLANG_CXX_LIBRARY = "libc++";
				CLANG_ENABLE_MODULES = YES;
				CLANG_ENABLE_OBJC_ARC = YES;
				CLANG_WARN_BLOCK_CAPTURE_AUTORELEASING = YES;
				CLANG_WARN_BOOL_CONVERSION = YES;
				CLANG_WARN_COMMA = YES;
				CLANG_WARN_CONSTANT_CONVERSION = YES;
				CLANG_WARN_DIRECT_OBJC_ISA_USAGE = YES_ERROR;
				CLANG_WARN_DOCUMENTATION_COMMENTS = YES;
				CLANG_WARN_EMPTY_BODY = YES;
				CLANG_WARN_ENUM_CONVERSION = YES;
				CLANG_WARN_INFINITE_RECURSION = YES;
				CLANG_WARN_INT_CONVERSION = YES;
				CLANG_WARN_NON_LITERAL_NULL_CONVERSION = YES;
				CLANG_WARN_OBJC_LITERAL_CONVERSION = YES;
				CLANG_WARN_OBJC_ROOT_CLASS = YES_ERROR;
				CLANG_WARN_RANGE_LOOP_ANALYSIS = YES;
				CLANG_WARN_STRICT_PROTOTYPES = YES;
				CLANG_WARN_SUSPICIOUS_MOVE = YES;
				CLANG_WARN_UNGUARDED_AVAILABILITY = YES_AGGRESSIVE;
				CLANG_WARN_UNREACHABLE_CODE = YES;
				CLANG_WARN__DUPLICATE_METHOD_MATCH = YES;
				CODE_SIGN_IDENTITY = "iPhone Developer";
				COPY_PHASE_STRIP = NO;
				DEBUG_INFORMATION_FORMAT = dwarf;
				ENABLE_STRICT_OBJC_MSGSEND = YES;
				ENABLE_TESTABILITY = YES;
				GCC_C_LANGUAGE_STANDARD = gnu11;
				GCC_DYNAMIC_NO_PIC = NO;
				GCC_NO_COMMON_BLOCKS = YES;
				GCC_OPTIMIZATION_LEVEL = 0;
				GCC_PREPROCESSOR_DEFINITIONS = (
					"DEBUG=1",
					"$(inherited)",
				);
				GCC_WARN_64_TO_32_BIT_CONVERSION = YES;
				GCC_WARN_ABOUT_RETURN_TYPE = YES_ERROR;
				GCC_WARN_UNDECLARED_SELECTOR = YES;
				GCC_WARN_UNINITIALIZED_AUTOS = YES_AGGRESSIVE;
				GCC_WARN_UNUSED_FUNCTION = YES;
				GCC_WARN_UNUSED_VARIABLE = YES;
				IPHONEOS_DEPLOYMENT_TARGET = 11.2;
				MTL_ENABLE_DEBUG_INFO = YES;
				ONLY_ACTIVE_ARCH = YES;
				SDKROOT = iphoneos;
				SWIFT_ACTIVE_COMPILATION_CONDITIONS = DEBUG;
				SWIFT_OPTIMIZATION_LEVEL = "-Onone";
			};
			name = Debug;
		};
		CE0DE1BD207F77AD0031F233 /* Release */ = {
			isa = XCBuildConfiguration;
			buildSettings = {
				ALWAYS_SEARCH_USER_PATHS = NO;
				CLANG_ANALYZER_NONNULL = YES;
				CLANG_ANALYZER_NUMBER_OBJECT_CONVERSION = YES_AGGRESSIVE;
				CLANG_CXX_LANGUAGE_STANDARD = "gnu++14";
				CLANG_CXX_LIBRARY = "libc++";
				CLANG_ENABLE_MODULES = YES;
				CLANG_ENABLE_OBJC_ARC = YES;
				CLANG_WARN_BLOCK_CAPTURE_AUTORELEASING = YES;
				CLANG_WARN_BOOL_CONVERSION = YES;
				CLANG_WARN_COMMA = YES;
				CLANG_WARN_CONSTANT_CONVERSION = YES;
				CLANG_WARN_DIRECT_OBJC_ISA_USAGE = YES_ERROR;
				CLANG_WARN_DOCUMENTATION_COMMENTS = YES;
				CLANG_WARN_EMPTY_BODY = YES;
				CLANG_WARN_ENUM_CONVERSION = YES;
				CLANG_WARN_INFINITE_RECURSION = YES;
				CLANG_WARN_INT_CONVERSION = YES;
				CLANG_WARN_NON_LITERAL_NULL_CONVERSION = YES;
				CLANG_WARN_OBJC_LITERAL_CONVERSION = YES;
				CLANG_WARN_OBJC_ROOT_CLASS = YES_ERROR;
				CLANG_WARN_RANGE_LOOP_ANALYSIS = YES;
				CLANG_WARN_STRICT_PROTOTYPES = YES;
				CLANG_WARN_SUSPICIOUS_MOVE = YES;
				CLANG_WARN_UNGUARDED_AVAILABILITY = YES_AGGRESSIVE;
				CLANG_WARN_UNREACHABLE_CODE = YES;
				CLANG_WARN__DUPLICATE_METHOD_MATCH = YES;
				CODE_SIGN_IDENTITY = "iPhone Developer";
				COPY_PHASE_STRIP = NO;
				DEBUG_INFORMATION_FORMAT = "dwarf-with-dsym";
				ENABLE_NS_ASSERTIONS = NO;
				ENABLE_STRICT_OBJC_MSGSEND = YES;
				GCC_C_LANGUAGE_STANDARD = gnu11;
				GCC_NO_COMMON_BLOCKS = YES;
				GCC_WARN_64_TO_32_BIT_CONVERSION = YES;
				GCC_WARN_ABOUT_RETURN_TYPE = YES_ERROR;
				GCC_WARN_UNDECLARED_SELECTOR = YES;
				GCC_WARN_UNINITIALIZED_AUTOS = YES_AGGRESSIVE;
				GCC_WARN_UNUSED_FUNCTION = YES;
				GCC_WARN_UNUSED_VARIABLE = YES;
				IPHONEOS_DEPLOYMENT_TARGET = 11.2;
				MTL_ENABLE_DEBUG_INFO = NO;
				SDKROOT = iphoneos;
				SWIFT_OPTIMIZATION_LEVEL = "-Owholemodule";
				VALIDATE_PRODUCT = YES;
			};
			name = Release;
		};
		CE0DE1BF207F77AD0031F233 /* Debug */ = {
			isa = XCBuildConfiguration;
			buildSettings = {
				ASSETCATALOG_COMPILER_APPICON_NAME = AppIcon;
				CODE_SIGN_STYLE = Automatic;
				INFOPLIST_FILE = DataStructureMemories/Info.plist;
				LD_RUNPATH_SEARCH_PATHS = "$(inherited) @executable_path/Frameworks";
				PRODUCT_BUNDLE_IDENTIFIER = "Task-7.DataStructureMemories";
				PRODUCT_NAME = "$(TARGET_NAME)";
				SWIFT_VERSION = 4.0;
				TARGETED_DEVICE_FAMILY = "1,2";
			};
			name = Debug;
		};
		CE0DE1C0207F77AD0031F233 /* Release */ = {
			isa = XCBuildConfiguration;
			buildSettings = {
				ASSETCATALOG_COMPILER_APPICON_NAME = AppIcon;
				CODE_SIGN_STYLE = Automatic;
				INFOPLIST_FILE = DataStructureMemories/Info.plist;
				LD_RUNPATH_SEARCH_PATHS = "$(inherited) @executable_path/Frameworks";
				PRODUCT_BUNDLE_IDENTIFIER = "Task-7.DataStructureMemories";
				PRODUCT_NAME = "$(TARGET_NAME)";
				SWIFT_VERSION = 4.0;
				TARGETED_DEVICE_FAMILY = "1,2";
			};
			name = Release;
		};
/* End XCBuildConfiguration section */

/* Begin XCConfigurationList section */
		CE0DE1A7207F77AD0031F233 /* Build configuration list for PBXProject "DataStructureMemories" */ = {
			isa = XCConfigurationList;
			buildConfigurations = (
				CE0DE1BC207F77AD0031F233 /* Debug */,
				CE0DE1BD207F77AD0031F233 /* Release */,
			);
			defaultConfigurationIsVisible = 0;
			defaultConfigurationName = Release;
		};
		CE0DE1BE207F77AD0031F233 /* Build configuration list for PBXNativeTarget "DataStructureMemories" */ = {
			isa = XCConfigurationList;
			buildConfigurations = (
				CE0DE1BF207F77AD0031F233 /* Debug */,
				CE0DE1C0207F77AD0031F233 /* Release */,
			);
			defaultConfigurationIsVisible = 0;
			defaultConfigurationName = Release;
		};
/* End XCConfigurationList section */
	};
	rootObject = CE0DE1A4207F77AD0031F233 /* Project object */;
}
